// !$*UTF8*$!
{
	archiveVersion = 1;
	classes = {
	};
	objectVersion = 56;
	objects = {

/* Begin PBXBuildFile section */
		13CAA42A2C5B2D590088D970 /* AppDelegate.swift in Sources */ = {isa = PBXBuildFile; fileRef = 13CAA4292C5B2D590088D970 /* AppDelegate.swift */; };
		13CAA42C2C5B2D590088D970 /* SceneDelegate.swift in Sources */ = {isa = PBXBuildFile; fileRef = 13CAA42B2C5B2D590088D970 /* SceneDelegate.swift */; };
		13CAA42E2C5B2D590088D970 /* AViewController.swift in Sources */ = {isa = PBXBuildFile; fileRef = 13CAA42D2C5B2D590088D970 /* AViewController.swift */; };
		13CAA4312C5B2D590088D970 /* Base in Resources */ = {isa = PBXBuildFile; fileRef = 13CAA4302C5B2D590088D970 /* Base */; };
		13CAA4332C5B2D5A0088D970 /* Assets.xcassets in Resources */ = {isa = PBXBuildFile; fileRef = 13CAA4322C5B2D5A0088D970 /* Assets.xcassets */; };
		13CAA4362C5B2D5A0088D970 /* Base in Resources */ = {isa = PBXBuildFile; fileRef = 13CAA4352C5B2D5A0088D970 /* Base */; };
		13CAA43E2C5B2DC70088D970 /* LoginViewController.swift in Sources */ = {isa = PBXBuildFile; fileRef = 13CAA43D2C5B2DC70088D970 /* LoginViewController.swift */; };
		13CAA4402C5B2DE90088D970 /* ViewControllerExtension.swift in Sources */ = {isa = PBXBuildFile; fileRef = 13CAA43F2C5B2DE90088D970 /* ViewControllerExtension.swift */; };
		13CAA4422C5B2E5D0088D970 /* BViewController.swift in Sources */ = {isa = PBXBuildFile; fileRef = 13CAA4412C5B2E5D0088D970 /* BViewController.swift */; };
		13CAA4442C5B2E7A0088D970 /* CViewController.swift in Sources */ = {isa = PBXBuildFile; fileRef = 13CAA4432C5B2E7A0088D970 /* CViewController.swift */; };
/* End PBXBuildFile section */

/* Begin PBXFileReference section */
		13CAA4262C5B2D590088D970 /* NeedLoginToPush.app */ = {isa = PBXFileReference; explicitFileType = wrapper.application; includeInIndex = 0; path = NeedLoginToPush.app; sourceTree = BUILT_PRODUCTS_DIR; };
		13CAA4292C5B2D590088D970 /* AppDelegate.swift */ = {isa = PBXFileReference; lastKnownFileType = sourcecode.swift; path = AppDelegate.swift; sourceTree = "<group>"; };
		13CAA42B2C5B2D590088D970 /* SceneDelegate.swift */ = {isa = PBXFileReference; lastKnownFileType = sourcecode.swift; path = SceneDelegate.swift; sourceTree = "<group>"; };
		13CAA42D2C5B2D590088D970 /* AViewController.swift */ = {isa = PBXFileReference; lastKnownFileType = sourcecode.swift; path = AViewController.swift; sourceTree = "<group>"; };
		13CAA4302C5B2D590088D970 /* Base */ = {isa = PBXFileReference; lastKnownFileType = file.storyboard; name = Base; path = Base.lproj/Main.storyboard; sourceTree = "<group>"; };
		13CAA4322C5B2D5A0088D970 /* Assets.xcassets */ = {isa = PBXFileReference; lastKnownFileType = folder.assetcatalog; path = Assets.xcassets; sourceTree = "<group>"; };
		13CAA4352C5B2D5A0088D970 /* Base */ = {isa = PBXFileReference; lastKnownFileType = file.storyboard; name = Base; path = Base.lproj/LaunchScreen.storyboard; sourceTree = "<group>"; };
		13CAA4372C5B2D5A0088D970 /* Info.plist */ = {isa = PBXFileReference; lastKnownFileType = text.plist.xml; path = Info.plist; sourceTree = "<group>"; };
		13CAA43D2C5B2DC70088D970 /* LoginViewController.swift */ = {isa = PBXFileReference; lastKnownFileType = sourcecode.swift; path = LoginViewController.swift; sourceTree = "<group>"; };
		13CAA43F2C5B2DE90088D970 /* ViewControllerExtension.swift */ = {isa = PBXFileReference; lastKnownFileType = sourcecode.swift; path = ViewControllerExtension.swift; sourceTree = "<group>"; };
		13CAA4412C5B2E5D0088D970 /* BViewController.swift */ = {isa = PBXFileReference; lastKnownFileType = sourcecode.swift; path = BViewController.swift; sourceTree = "<group>"; };
		13CAA4432C5B2E7A0088D970 /* CViewController.swift */ = {isa = PBXFileReference; lastKnownFileType = sourcecode.swift; path = CViewController.swift; sourceTree = "<group>"; };
/* End PBXFileReference section */

/* Begin PBXFrameworksBuildPhase section */
		13CAA4232C5B2D590088D970 /* Frameworks */ = {
			isa = PBXFrameworksBuildPhase;
			buildActionMask = 2147483647;
			files = (
			);
			runOnlyForDeploymentPostprocessing = 0;
		};
/* End PBXFrameworksBuildPhase section */

/* Begin PBXGroup section */
		13CAA41D2C5B2D590088D970 = {
			isa = PBXGroup;
			children = (
				13CAA4282C5B2D590088D970 /* NeedLoginToPush */,
				13CAA4272C5B2D590088D970 /* Products */,
			);
			sourceTree = "<group>";
		};
		13CAA4272C5B2D590088D970 /* Products */ = {
			isa = PBXGroup;
			children = (
				13CAA4262C5B2D590088D970 /* NeedLoginToPush.app */,
			);
			name = Products;
			sourceTree = "<group>";
		};
		13CAA4282C5B2D590088D970 /* NeedLoginToPush */ = {
			isa = PBXGroup;
			children = (
				13CAA4292C5B2D590088D970 /* AppDelegate.swift */,
				13CAA42B2C5B2D590088D970 /* SceneDelegate.swift */,
				13CAA42D2C5B2D590088D970 /* AViewController.swift */,
				13CAA4412C5B2E5D0088D970 /* BViewController.swift */,
				13CAA4432C5B2E7A0088D970 /* CViewController.swift */,
				13CAA43D2C5B2DC70088D970 /* LoginViewController.swift */,
				13CAA43F2C5B2DE90088D970 /* ViewControllerExtension.swift */,
				13CAA42F2C5B2D590088D970 /* Main.storyboard */,
				13CAA4322C5B2D5A0088D970 /* Assets.xcassets */,
				13CAA4342C5B2D5A0088D970 /* LaunchScreen.storyboard */,
				13CAA4372C5B2D5A0088D970 /* Info.plist */,
			);
			path = NeedLoginToPush;
			sourceTree = "<group>";
		};
/* End PBXGroup section */

/* Begin PBXNativeTarget section */
		13CAA4252C5B2D590088D970 /* NeedLoginToPush */ = {
			isa = PBXNativeTarget;
			buildConfigurationList = 13CAA43A2C5B2D5A0088D970 /* Build configuration list for PBXNativeTarget "NeedLoginToPush" */;
			buildPhases = (
				13CAA4222C5B2D590088D970 /* Sources */,
				13CAA4232C5B2D590088D970 /* Frameworks */,
				13CAA4242C5B2D590088D970 /* Resources */,
			);
			buildRules = (
			);
			dependencies = (
			);
			name = NeedLoginToPush;
			productName = NeedLoginToPush;
			productReference = 13CAA4262C5B2D590088D970 /* NeedLoginToPush.app */;
			productType = "com.apple.product-type.application";
		};
/* End PBXNativeTarget section */

/* Begin PBXProject section */
		13CAA41E2C5B2D590088D970 /* Project object */ = {
			isa = PBXProject;
			attributes = {
				BuildIndependentTargetsInParallel = 1;
				LastSwiftUpdateCheck = 1540;
				LastUpgradeCheck = 1540;
				TargetAttributes = {
					13CAA4252C5B2D590088D970 = {
						CreatedOnToolsVersion = 15.4;
					};
				};
			};
			buildConfigurationList = 13CAA4212C5B2D590088D970 /* Build configuration list for PBXProject "NeedLoginToPush" */;
			compatibilityVersion = "Xcode 14.0";
			developmentRegion = en;
			hasScannedForEncodings = 0;
			knownRegions = (
				en,
				Base,
			);
			mainGroup = 13CAA41D2C5B2D590088D970;
			productRefGroup = 13CAA4272C5B2D590088D970 /* Products */;
			projectDirPath = "";
			projectRoot = "";
			targets = (
				13CAA4252C5B2D590088D970 /* NeedLoginToPush */,
			);
		};
/* End PBXProject section */

/* Begin PBXResourcesBuildPhase section */
		13CAA4242C5B2D590088D970 /* Resources */ = {
			isa = PBXResourcesBuildPhase;
			buildActionMask = 2147483647;
			files = (
				13CAA4332C5B2D5A0088D970 /* Assets.xcassets in Resources */,
				13CAA4362C5B2D5A0088D970 /* Base in Resources */,
				13CAA4312C5B2D590088D970 /* Base in Resources */,
			);
			runOnlyForDeploymentPostprocessing = 0;
		};
/* End PBXResourcesBuildPhase section */

/* Begin PBXSourcesBuildPhase section */
		13CAA4222C5B2D590088D970 /* Sources */ = {
			isa = PBXSourcesBuildPhase;
			buildActionMask = 2147483647;
			files = (
				13CAA43E2C5B2DC70088D970 /* LoginViewController.swift in Sources */,
				13CAA4422C5B2E5D0088D970 /* BViewController.swift in Sources */,
				13CAA4442C5B2E7A0088D970 /* CViewController.swift in Sources */,
				13CAA42E2C5B2D590088D970 /* AViewController.swift in Sources */,
				13CAA42A2C5B2D590088D970 /* AppDelegate.swift in Sources */,
				13CAA4402C5B2DE90088D970 /* ViewControllerExtension.swift in Sources */,
				13CAA42C2C5B2D590088D970 /* SceneDelegate.swift in Sources */,
			);
			runOnlyForDeploymentPostprocessing = 0;
		};
/* End PBXSourcesBuildPhase section */

/* Begin PBXVariantGroup section */
		13CAA42F2C5B2D590088D970 /* Main.storyboard */ = {
			isa = PBXVariantGroup;
			children = (
				13CAA4302C5B2D590088D970 /* Base */,
			);
			name = Main.storyboard;
			sourceTree = "<group>";
		};
		13CAA4342C5B2D5A0088D970 /* LaunchScreen.storyboard */ = {
			isa = PBXVariantGroup;
			children = (
				13CAA4352C5B2D5A0088D970 /* Base */,
			);
			name = LaunchScreen.storyboard;
			sourceTree = "<group>";
		};
/* End PBXVariantGroup section */

/* Begin XCBuildConfiguration section */
		13CAA4382C5B2D5A0088D970 /* Debug */ = {
			isa = XCBuildConfiguration;
			buildSettings = {
				ALWAYS_SEARCH_USER_PATHS = NO;
				ASSETCATALOG_COMPILER_GENERATE_SWIFT_ASSET_SYMBOL_EXTENSIONS = YES;
				CLANG_ANALYZER_NONNULL = YES;
				CLANG_ANALYZER_NUMBER_OBJECT_CONVERSION = YES_AGGRESSIVE;
				CLANG_CXX_LANGUAGE_STANDARD = "gnu++20";
				CLANG_ENABLE_MODULES = YES;
				CLANG_ENABLE_OBJC_ARC = YES;
				CLANG_ENABLE_OBJC_WEAK = YES;
				CLANG_WARN_BLOCK_CAPTURE_AUTORELEASING = YES;
				CLANG_WARN_BOOL_CONVERSION = YES;
				CLANG_WARN_COMMA = YES;
				CLANG_WARN_CONSTANT_CONVERSION = YES;
				CLANG_WARN_DEPRECATED_OBJC_IMPLEMENTATIONS = YES;
				CLANG_WARN_DIRECT_OBJC_ISA_USAGE = YES_ERROR;
				CLANG_WARN_DOCUMENTATION_COMMENTS = YES;
				CLANG_WARN_EMPTY_BODY = YES;
				CLANG_WARN_ENUM_CONVERSION = YES;
				CLANG_WARN_INFINITE_RECURSION = YES;
				CLANG_WARN_INT_CONVERSION = YES;
				CLANG_WARN_NON_LITERAL_NULL_CONVERSION = YES;
				CLANG_WARN_OBJC_IMPLICIT_RETAIN_SELF = YES;
				CLANG_WARN_OBJC_LITERAL_CONVERSION = YES;
				CLANG_WARN_OBJC_ROOT_CLASS = YES_ERROR;
				CLANG_WARN_QUOTED_INCLUDE_IN_FRAMEWORK_HEADER = YES;
				CLANG_WARN_RANGE_LOOP_ANALYSIS = YES;
				CLANG_WARN_STRICT_PROTOTYPES = YES;
				CLANG_WARN_SUSPICIOUS_MOVE = YES;
				CLANG_WARN_UNGUARDED_AVAILABILITY = YES_AGGRESSIVE;
				CLANG_WARN_UNREACHABLE_CODE = YES;
				CLANG_WARN__DUPLICATE_METHOD_MATCH = YES;
				COPY_PHASE_STRIP = NO;
				DEBUG_INFORMATION_FORMAT = dwarf;
				ENABLE_STRICT_OBJC_MSGSEND = YES;
				ENABLE_TESTABILITY = YES;
				ENABLE_USER_SCRIPT_SANDBOXING = YES;
				GCC_C_LANGUAGE_STANDARD = gnu17;
				GCC_DYNAMIC_NO_PIC = NO;
				GCC_NO_COMMON_BLOCKS = YES;
				GCC_OPTIMIZATION_LEVEL = 0;
				GCC_PREPROCESSOR_DEFINITIONS = (
					"DEBUG=1",
					"$(inherited)",
				);
				GCC_WARN_64_TO_32_BIT_CONVERSION = YES;
				GCC_WARN_ABOUT_RETURN_TYPE = YES_ERROR;
				GCC_WARN_UNDECLARED_SELECTOR = YES;
				GCC_WARN_UNINITIALIZED_AUTOS = YES_AGGRESSIVE;
				GCC_WARN_UNUSED_FUNCTION = YES;
				GCC_WARN_UNUSED_VARIABLE = YES;
				IPHONEOS_DEPLOYMENT_TARGET = 17.5;
				LOCALIZATION_PREFERS_STRING_CATALOGS = YES;
				MTL_ENABLE_DEBUG_INFO = INCLUDE_SOURCE;
				MTL_FAST_MATH = YES;
				ONLY_ACTIVE_ARCH = YES;
				SDKROOT = iphoneos;
				SWIFT_ACTIVE_COMPILATION_CONDITIONS = "DEBUG $(inherited)";
				SWIFT_OPTIMIZATION_LEVEL = "-Onone";
			};
			name = Debug;
		};
		13CAA4392C5B2D5A0088D970 /* Release */ = {
			isa = XCBuildConfiguration;
			buildSettings = {
				ALWAYS_SEARCH_USER_PATHS = NO;
				ASSETCATALOG_COMPILER_GENERATE_SWIFT_ASSET_SYMBOL_EXTENSIONS = YES;
				CLANG_ANALYZER_NONNULL = YES;
				CLANG_ANALYZER_NUMBER_OBJECT_CONVERSION = YES_AGGRESSIVE;
				CLANG_CXX_LANGUAGE_STANDARD = "gnu++20";
				CLANG_ENABLE_MODULES = YES;
				CLANG_ENABLE_OBJC_ARC = YES;
				CLANG_ENABLE_OBJC_WEAK = YES;
				CLANG_WARN_BLOCK_CAPTURE_AUTORELEASING = YES;
				CLANG_WARN_BOOL_CONVERSION = YES;
				CLANG_WARN_COMMA = YES;
				CLANG_WARN_CONSTANT_CONVERSION = YES;
				CLANG_WARN_DEPRECATED_OBJC_IMPLEMENTATIONS = YES;
				CLANG_WARN_DIRECT_OBJC_ISA_USAGE = YES_ERROR;
				CLANG_WARN_DOCUMENTATION_COMMENTS = YES;
				CLANG_WARN_EMPTY_BODY = YES;
				CLANG_WARN_ENUM_CONVERSION = YES;
				CLANG_WARN_INFINITE_RECURSION = YES;
				CLANG_WARN_INT_CONVERSION = YES;
				CLANG_WARN_NON_LITERAL_NULL_CONVERSION = YES;
				CLANG_WARN_OBJC_IMPLICIT_RETAIN_SELF = YES;
				CLANG_WARN_OBJC_LITERAL_CONVERSION = YES;
				CLANG_WARN_OBJC_ROOT_CLASS = YES_ERROR;
				CLANG_WARN_QUOTED_INCLUDE_IN_FRAMEWORK_HEADER = YES;
				CLANG_WARN_RANGE_LOOP_ANALYSIS = YES;
				CLANG_WARN_STRICT_PROTOTYPES = YES;
				CLANG_WARN_SUSPICIOUS_MOVE = YES;
				CLANG_WARN_UNGUARDED_AVAILABILITY = YES_AGGRESSIVE;
				CLANG_WARN_UNREACHABLE_CODE = YES;
				CLANG_WARN__DUPLICATE_METHOD_MATCH = YES;
				COPY_PHASE_STRIP = NO;
				DEBUG_INFORMATION_FORMAT = "dwarf-with-dsym";
				ENABLE_NS_ASSERTIONS = NO;
				ENABLE_STRICT_OBJC_MSGSEND = YES;
				ENABLE_USER_SCRIPT_SANDBOXING = YES;
				GCC_C_LANGUAGE_STANDARD = gnu17;
				GCC_NO_COMMON_BLOCKS = YES;
				GCC_WARN_64_TO_32_BIT_CONVERSION = YES;
				GCC_WARN_ABOUT_RETURN_TYPE = YES_ERROR;
				GCC_WARN_UNDECLARED_SELECTOR = YES;
				GCC_WARN_UNINITIALIZED_AUTOS = YES_AGGRESSIVE;
				GCC_WARN_UNUSED_FUNCTION = YES;
				GCC_WARN_UNUSED_VARIABLE = YES;
				IPHONEOS_DEPLOYMENT_TARGET = 17.5;
				LOCALIZATION_PREFERS_STRING_CATALOGS = YES;
				MTL_ENABLE_DEBUG_INFO = NO;
				MTL_FAST_MATH = YES;
				SDKROOT = iphoneos;
				SWIFT_COMPILATION_MODE = wholemodule;
				VALIDATE_PRODUCT = YES;
			};
			name = Release;
		};
		13CAA43B2C5B2D5A0088D970 /* Debug */ = {
			isa = XCBuildConfiguration;
			buildSettings = {
				ASSETCATALOG_COMPILER_APPICON_NAME = AppIcon;
				ASSETCATALOG_COMPILER_GLOBAL_ACCENT_COLOR_NAME = AccentColor;
				CODE_SIGN_STYLE = Automatic;
				CURRENT_PROJECT_VERSION = 1;
				DEVELOPMENT_TEAM = HHQJ8NXF82;
				GENERATE_INFOPLIST_FILE = YES;
				INFOPLIST_FILE = NeedLoginToPush/Info.plist;
				INFOPLIST_KEY_UIApplicationSupportsIndirectInputEvents = YES;
				INFOPLIST_KEY_UILaunchStoryboardName = LaunchScreen;
				INFOPLIST_KEY_UIMainStoryboardFile = Main;
				INFOPLIST_KEY_UISupportedInterfaceOrientations_iPad = "UIInterfaceOrientationPortrait UIInterfaceOrientationPortraitUpsideDown UIInterfaceOrientationLandscapeLeft UIInterfaceOrientationLandscapeRight";
				INFOPLIST_KEY_UISupportedInterfaceOrientations_iPhone = "UIInterfaceOrientationPortrait UIInterfaceOrientationLandscapeLeft UIInterfaceOrientationLandscapeRight";
				LD_RUNPATH_SEARCH_PATHS = (
					"$(inherited)",
					"@executable_path/Frameworks",
				);
				MARKETING_VERSION = 1.0;
				PRODUCT_BUNDLE_IDENTIFIER = com.NeedLoginToPush;
				PRODUCT_NAME = "$(TARGET_NAME)";
				SWIFT_EMIT_LOC_STRINGS = YES;
				SWIFT_VERSION = 5.0;
				TARGETED_DEVICE_FAMILY = "1,2";
			};
			name = Debug;
		};
		13CAA43C2C5B2D5A0088D970 /* Release */ = {
			isa = XCBuildConfiguration;
			buildSettings = {
				ASSETCATALOG_COMPILER_APPICON_NAME = AppIcon;
				ASSETCATALOG_COMPILER_GLOBAL_ACCENT_COLOR_NAME = AccentColor;
				CODE_SIGN_STYLE = Automatic;
				CURRENT_PROJECT_VERSION = 1;
				DEVELOPMENT_TEAM = HHQJ8NXF82;
				GENERATE_INFOPLIST_FILE = YES;
				INFOPLIST_FILE = NeedLoginToPush/Info.plist;
				INFOPLIST_KEY_UIApplicationSupportsIndirectInputEvents = YES;
				INFOPLIST_KEY_UILaunchStoryboardName = LaunchScreen;
				INFOPLIST_KEY_UIMainStoryboardFile = Main;
				INFOPLIST_KEY_UISupportedInterfaceOrientations_iPad = "UIInterfaceOrientationPortrait UIInterfaceOrientationPortraitUpsideDown UIInterfaceOrientationLandscapeLeft UIInterfaceOrientationLandscapeRight";
				INFOPLIST_KEY_UISupportedInterfaceOrientations_iPhone = "UIInterfaceOrientationPortrait UIInterfaceOrientationLandscapeLeft UIInterfaceOrientationLandscapeRight";
				LD_RUNPATH_SEARCH_PATHS = (
					"$(inherited)",
					"@executable_path/Frameworks",
				);
				MARKETING_VERSION = 1.0;
				PRODUCT_BUNDLE_IDENTIFIER = com.NeedLoginToPush;
				PRODUCT_NAME = "$(TARGET_NAME)";
				SWIFT_EMIT_LOC_STRINGS = YES;
				SWIFT_VERSION = 5.0;
				TARGETED_DEVICE_FAMILY = "1,2";
			};
			name = Release;
		};
/* End XCBuildConfiguration section */

/* Begin XCConfigurationList section */
		13CAA4212C5B2D590088D970 /* Build configuration list for PBXProject "NeedLoginToPush" */ = {
			isa = XCConfigurationList;
			buildConfigurations = (
				13CAA4382C5B2D5A0088D970 /* Debug */,
				13CAA4392C5B2D5A0088D970 /* Release */,
			);
			defaultConfigurationIsVisible = 0;
			defaultConfigurationName = Release;
		};
		13CAA43A2C5B2D5A0088D970 /* Build configuration list for PBXNativeTarget "NeedLoginToPush" */ = {
			isa = XCConfigurationList;
			buildConfigurations = (
				13CAA43B2C5B2D5A0088D970 /* Debug */,
				13CAA43C2C5B2D5A0088D970 /* Release */,
			);
			defaultConfigurationIsVisible = 0;
			defaultConfigurationName = Release;
		};
/* End XCConfigurationList section */
	};
	rootObject = 13CAA41E2C5B2D590088D970 /* Project object */;
}
